
Microsoft Visual Studio Solution File, Format Version 12.00
# Visual Studio 15
VisualStudioVersion = 15.0.26124.0
MinimumVisualStudioVersion = 15.0.26124.0
Project("{FAE04EC0-301F-11D3-BF4B-00C04F79EFBC}") = "AK.EventStream", "AK.EventStream.csproj", "{BA2CF4F5-3FDF-4E69-9177-2C7D805FE4DE}"
EndProject
Global
	GlobalSection(SolutionConfigurationPlatforms) = preSolution
		Debug|Any CPU = Debug|Any CPU
		Release|Any CPU = Release|Any CPU
	EndGlobalSection
	GlobalSection(SolutionProperties) = preSolution
		HideSolutionNode = FALSE
	EndGlobalSection
	GlobalSection(ProjectConfigurationPlatforms) = postSolution
		{BA2CF4F5-3FDF-4E69-9177-2C7D805FE4DE}.Debug|Any CPU.ActiveCfg = Debug|Any CPU
		{BA2CF4F5-3FDF-4E69-9177-2C7D805FE4DE}.Debug|Any CPU.Build.0 = Debug|Any CPU
		{BA2CF4F5-3FDF-4E69-9177-2C7D805FE4DE}.Release|Any CPU.ActiveCfg = Release|Any CPU
		{BA2CF4F5-3FDF-4E69-9177-2C7D805FE4DE}.Release|Any CPU.Build.0 = Release|Any CPU
	EndGlobalSection
EndGlobal
